// !$*UTF8*$!
{
	archiveVersion = 1;
	classes = {
	};
	objectVersion = 48;
	objects = {

/* Begin PBXBuildFile section */
		87AFAE831FAD03BF00990BCE /* Main.storyboard in Resources */ = {isa = PBXBuildFile; fileRef = 87AFAE811FAD03BF00990BCE /* Main.storyboard */; };
		87AFAE851FAD03BF00990BCE /* Assets.xcassets in Resources */ = {isa = PBXBuildFile; fileRef = 87AFAE841FAD03BF00990BCE /* Assets.xcassets */; };
		87AFAE881FAD03BF00990BCE /* LaunchScreen.storyboard in Resources */ = {isa = PBXBuildFile; fileRef = 87AFAE861FAD03BF00990BCE /* LaunchScreen.storyboard */; };
		87AFAE901FAD03FA00990BCE /* Walkthrough.swift in Sources */ = {isa = PBXBuildFile; fileRef = 87AFAE8F1FAD03FA00990BCE /* Walkthrough.swift */; };
		A62BC9B524E433BD00FB37D5 /* LocationServiceDelegate.swift in Sources */ = {isa = PBXBuildFile; fileRef = A62BC9B424E433BD00FB37D5 /* LocationServiceDelegate.swift */; };
		A62BC9B924E43D5800FB37D5 /* StadiumLocation.gpx in Resources */ = {isa = PBXBuildFile; fileRef = A62BC9B824E43D5800FB37D5 /* StadiumLocation.gpx */; };
		A62BC9BB24E581FC00FB37D5 /* MapVCBottomExtension.swift in Sources */ = {isa = PBXBuildFile; fileRef = A62BC9BA24E581FC00FB37D5 /* MapVCBottomExtension.swift */; };
		A62BC9C524E58AC800FB37D5 /* BottomSheetViewController.swift in Sources */ = {isa = PBXBuildFile; fileRef = A62BC9C324E58AC800FB37D5 /* BottomSheetViewController.swift */; };
		A62BC9C624E58AC800FB37D5 /* BottomSheetViewController.xib in Resources */ = {isa = PBXBuildFile; fileRef = A62BC9C424E58AC800FB37D5 /* BottomSheetViewController.xib */; };
		A670FCD624CB2058002F43DC /* LocationService.swift in Sources */ = {isa = PBXBuildFile; fileRef = A670FCD524CB2058002F43DC /* LocationService.swift */; };
		A676110124E30E3D00E6DBF7 /* MapViewController.swift in Sources */ = {isa = PBXBuildFile; fileRef = A676110024E30E3D00E6DBF7 /* MapViewController.swift */; };
		A676110324E319A400E6DBF7 /* MapViewDelegate.swift in Sources */ = {isa = PBXBuildFile; fileRef = A676110224E319A400E6DBF7 /* MapViewDelegate.swift */; };
		A676113224E3202E00E6DBF7 /* VenueNextWalletData.framework in Frameworks */ = {isa = PBXBuildFile; fileRef = A676112624E3202D00E6DBF7 /* VenueNextWalletData.framework */; };
		A676113324E3202E00E6DBF7 /* VenueNextWalletData.framework in Embed Frameworks */ = {isa = PBXBuildFile; fileRef = A676112624E3202D00E6DBF7 /* VenueNextWalletData.framework */; settings = {ATTRIBUTES = (CodeSignOnCopy, RemoveHeadersOnCopy, ); }; };
		A676113424E3202E00E6DBF7 /* VenueNextAnalytics.framework in Frameworks */ = {isa = PBXBuildFile; fileRef = A676112724E3202D00E6DBF7 /* VenueNextAnalytics.framework */; };
		A676113524E3202E00E6DBF7 /* VenueNextAnalytics.framework in Embed Frameworks */ = {isa = PBXBuildFile; fileRef = A676112724E3202D00E6DBF7 /* VenueNextAnalytics.framework */; settings = {ATTRIBUTES = (CodeSignOnCopy, RemoveHeadersOnCopy, ); }; };
		A676113624E3202E00E6DBF7 /* VenueNextLegacy.framework in Frameworks */ = {isa = PBXBuildFile; fileRef = A676112824E3202D00E6DBF7 /* VenueNextLegacy.framework */; };
		A676113724E3202E00E6DBF7 /* VenueNextLegacy.framework in Embed Frameworks */ = {isa = PBXBuildFile; fileRef = A676112824E3202D00E6DBF7 /* VenueNextLegacy.framework */; settings = {ATTRIBUTES = (CodeSignOnCopy, RemoveHeadersOnCopy, ); }; };
		A676113824E3202E00E6DBF7 /* VenueNextOrderService.framework in Frameworks */ = {isa = PBXBuildFile; fileRef = A676112924E3202E00E6DBF7 /* VenueNextOrderService.framework */; };
		A676113924E3202E00E6DBF7 /* VenueNextOrderService.framework in Embed Frameworks */ = {isa = PBXBuildFile; fileRef = A676112924E3202E00E6DBF7 /* VenueNextOrderService.framework */; settings = {ATTRIBUTES = (CodeSignOnCopy, RemoveHeadersOnCopy, ); }; };
		A676113A24E3202E00E6DBF7 /* VenueNextCoreUI.framework in Frameworks */ = {isa = PBXBuildFile; fileRef = A676112A24E3202E00E6DBF7 /* VenueNextCoreUI.framework */; };
		A676113B24E3202E00E6DBF7 /* VenueNextCoreUI.framework in Embed Frameworks */ = {isa = PBXBuildFile; fileRef = A676112A24E3202E00E6DBF7 /* VenueNextCoreUI.framework */; settings = {ATTRIBUTES = (CodeSignOnCopy, RemoveHeadersOnCopy, ); }; };
		A676113C24E3202E00E6DBF7 /* VenueNextCore.framework in Frameworks */ = {isa = PBXBuildFile; fileRef = A676112B24E3202E00E6DBF7 /* VenueNextCore.framework */; };
		A676113D24E3202E00E6DBF7 /* VenueNextCore.framework in Embed Frameworks */ = {isa = PBXBuildFile; fileRef = A676112B24E3202E00E6DBF7 /* VenueNextCore.framework */; settings = {ATTRIBUTES = (CodeSignOnCopy, RemoveHeadersOnCopy, ); }; };
		A676113E24E3202E00E6DBF7 /* VenueNextWalletUI.framework in Frameworks */ = {isa = PBXBuildFile; fileRef = A676112C24E3202E00E6DBF7 /* VenueNextWalletUI.framework */; };
		A676113F24E3202E00E6DBF7 /* VenueNextWalletUI.framework in Embed Frameworks */ = {isa = PBXBuildFile; fileRef = A676112C24E3202E00E6DBF7 /* VenueNextWalletUI.framework */; settings = {ATTRIBUTES = (CodeSignOnCopy, RemoveHeadersOnCopy, ); }; };
		A676114024E3202E00E6DBF7 /* VenueNextOrderData.framework in Frameworks */ = {isa = PBXBuildFile; fileRef = A676112D24E3202E00E6DBF7 /* VenueNextOrderData.framework */; };
		A676114124E3202F00E6DBF7 /* VenueNextOrderData.framework in Embed Frameworks */ = {isa = PBXBuildFile; fileRef = A676112D24E3202E00E6DBF7 /* VenueNextOrderData.framework */; settings = {ATTRIBUTES = (CodeSignOnCopy, RemoveHeadersOnCopy, ); }; };
		A676114224E3202F00E6DBF7 /* VenueNextNetworkService.framework in Frameworks */ = {isa = PBXBuildFile; fileRef = A676112E24E3202E00E6DBF7 /* VenueNextNetworkService.framework */; };
		A676114324E3202F00E6DBF7 /* VenueNextNetworkService.framework in Embed Frameworks */ = {isa = PBXBuildFile; fileRef = A676112E24E3202E00E6DBF7 /* VenueNextNetworkService.framework */; settings = {ATTRIBUTES = (CodeSignOnCopy, RemoveHeadersOnCopy, ); }; };
		A676114424E3202F00E6DBF7 /* VenueNextPayment.framework in Frameworks */ = {isa = PBXBuildFile; fileRef = A676112F24E3202E00E6DBF7 /* VenueNextPayment.framework */; };
		A676114524E3202F00E6DBF7 /* VenueNextPayment.framework in Embed Frameworks */ = {isa = PBXBuildFile; fileRef = A676112F24E3202E00E6DBF7 /* VenueNextPayment.framework */; settings = {ATTRIBUTES = (CodeSignOnCopy, RemoveHeadersOnCopy, ); }; };
		A676114624E3202F00E6DBF7 /* VenueNextWalletService.framework in Frameworks */ = {isa = PBXBuildFile; fileRef = A676113024E3202E00E6DBF7 /* VenueNextWalletService.framework */; };
		A676114724E3202F00E6DBF7 /* VenueNextWalletService.framework in Embed Frameworks */ = {isa = PBXBuildFile; fileRef = A676113024E3202E00E6DBF7 /* VenueNextWalletService.framework */; settings = {ATTRIBUTES = (CodeSignOnCopy, RemoveHeadersOnCopy, ); }; };
		A676114824E3202F00E6DBF7 /* VenueNextOrderUI.framework in Frameworks */ = {isa = PBXBuildFile; fileRef = A676113124E3202E00E6DBF7 /* VenueNextOrderUI.framework */; };
		A676114924E3202F00E6DBF7 /* VenueNextOrderUI.framework in Embed Frameworks */ = {isa = PBXBuildFile; fileRef = A676113124E3202E00E6DBF7 /* VenueNextOrderUI.framework */; settings = {ATTRIBUTES = (CodeSignOnCopy, RemoveHeadersOnCopy, ); }; };
		A676114B24E3213800E6DBF7 /* mappedin_sdk_config.json in Resources */ = {isa = PBXBuildFile; fileRef = A676114A24E3213800E6DBF7 /* mappedin_sdk_config.json */; };
		A67E537424EAF9D500F36600 /* Menus.plist in Resources */ = {isa = PBXBuildFile; fileRef = A67E537324EAF9D500F36600 /* Menus.plist */; };
		A67E537624EB174B00F36600 /* PaymentAdapter.swift in Sources */ = {isa = PBXBuildFile; fileRef = A67E537524EB174B00F36600 /* PaymentAdapter.swift */; };
		A79890CF389B9D83F11B4202 /* libPods-Walkthrough.a in Frameworks */ = {isa = PBXBuildFile; fileRef = CB10AB0100B8B6212D20FE3E /* libPods-Walkthrough.a */; };
		F791C21F24EDA2E300ADA899 /* BraintreePaymentFlow.framework in Frameworks */ = {isa = PBXBuildFile; fileRef = F791C20E24EDA2E100ADA899 /* BraintreePaymentFlow.framework */; };
		F791C22024EDA2E300ADA899 /* BraintreePaymentFlow.framework in Embed Frameworks */ = {isa = PBXBuildFile; fileRef = F791C20E24EDA2E100ADA899 /* BraintreePaymentFlow.framework */; settings = {ATTRIBUTES = (CodeSignOnCopy, RemoveHeadersOnCopy, ); }; };
		F791C22124EDA2E300ADA899 /* PayPalDataCollector.framework in Frameworks */ = {isa = PBXBuildFile; fileRef = F791C20F24EDA2E100ADA899 /* PayPalDataCollector.framework */; };
		F791C22224EDA2E300ADA899 /* PayPalDataCollector.framework in Embed Frameworks */ = {isa = PBXBuildFile; fileRef = F791C20F24EDA2E100ADA899 /* PayPalDataCollector.framework */; settings = {ATTRIBUTES = (CodeSignOnCopy, RemoveHeadersOnCopy, ); }; };
		F791C22324EDA2E300ADA899 /* BraintreePayPal.framework in Frameworks */ = {isa = PBXBuildFile; fileRef = F791C21024EDA2E100ADA899 /* BraintreePayPal.framework */; };
		F791C22424EDA2E300ADA899 /* BraintreePayPal.framework in Embed Frameworks */ = {isa = PBXBuildFile; fileRef = F791C21024EDA2E100ADA899 /* BraintreePayPal.framework */; settings = {ATTRIBUTES = (CodeSignOnCopy, RemoveHeadersOnCopy, ); }; };
		F791C22524EDA2E300ADA899 /* BraintreeUnionPay.framework in Frameworks */ = {isa = PBXBuildFile; fileRef = F791C21124EDA2E100ADA899 /* BraintreeUnionPay.framework */; };
		F791C22624EDA2E300ADA899 /* BraintreeUnionPay.framework in Embed Frameworks */ = {isa = PBXBuildFile; fileRef = F791C21124EDA2E100ADA899 /* BraintreeUnionPay.framework */; settings = {ATTRIBUTES = (CodeSignOnCopy, RemoveHeadersOnCopy, ); }; };
		F791C22724EDA2E300ADA899 /* BraintreeUI.framework in Frameworks */ = {isa = PBXBuildFile; fileRef = F791C21224EDA2E100ADA899 /* BraintreeUI.framework */; };
		F791C22824EDA2E300ADA899 /* BraintreeUI.framework in Embed Frameworks */ = {isa = PBXBuildFile; fileRef = F791C21224EDA2E100ADA899 /* BraintreeUI.framework */; settings = {ATTRIBUTES = (CodeSignOnCopy, RemoveHeadersOnCopy, ); }; };
		F791C22924EDA2E300ADA899 /* PayPalOneTouch.framework in Frameworks */ = {isa = PBXBuildFile; fileRef = F791C21324EDA2E200ADA899 /* PayPalOneTouch.framework */; };
		F791C22A24EDA2E300ADA899 /* PayPalOneTouch.framework in Embed Frameworks */ = {isa = PBXBuildFile; fileRef = F791C21324EDA2E200ADA899 /* PayPalOneTouch.framework */; settings = {ATTRIBUTES = (CodeSignOnCopy, RemoveHeadersOnCopy, ); }; };
		F791C22B24EDA2E300ADA899 /* BraintreeAmericanExpress.framework in Frameworks */ = {isa = PBXBuildFile; fileRef = F791C21424EDA2E200ADA899 /* BraintreeAmericanExpress.framework */; };
		F791C22C24EDA2E300ADA899 /* BraintreeAmericanExpress.framework in Embed Frameworks */ = {isa = PBXBuildFile; fileRef = F791C21424EDA2E200ADA899 /* BraintreeAmericanExpress.framework */; settings = {ATTRIBUTES = (CodeSignOnCopy, RemoveHeadersOnCopy, ); }; };
		F791C22D24EDA2E300ADA899 /* BraintreeCard.framework in Frameworks */ = {isa = PBXBuildFile; fileRef = F791C21524EDA2E200ADA899 /* BraintreeCard.framework */; };
		F791C22E24EDA2E300ADA899 /* BraintreeCard.framework in Embed Frameworks */ = {isa = PBXBuildFile; fileRef = F791C21524EDA2E200ADA899 /* BraintreeCard.framework */; settings = {ATTRIBUTES = (CodeSignOnCopy, RemoveHeadersOnCopy, ); }; };
		F791C22F24EDA2E300ADA899 /* BraintreeCore.framework in Frameworks */ = {isa = PBXBuildFile; fileRef = F791C21624EDA2E200ADA899 /* BraintreeCore.framework */; };
		F791C23024EDA2E300ADA899 /* BraintreeCore.framework in Embed Frameworks */ = {isa = PBXBuildFile; fileRef = F791C21624EDA2E200ADA899 /* BraintreeCore.framework */; settings = {ATTRIBUTES = (CodeSignOnCopy, RemoveHeadersOnCopy, ); }; };
		F791C23124EDA2E300ADA899 /* BraintreeDropIn.framework in Frameworks */ = {isa = PBXBuildFile; fileRef = F791C21724EDA2E200ADA899 /* BraintreeDropIn.framework */; };
		F791C23224EDA2E300ADA899 /* BraintreeDropIn.framework in Embed Frameworks */ = {isa = PBXBuildFile; fileRef = F791C21724EDA2E200ADA899 /* BraintreeDropIn.framework */; settings = {ATTRIBUTES = (CodeSignOnCopy, RemoveHeadersOnCopy, ); }; };
		F791C23324EDA2E300ADA899 /* Braintree3DSecure.framework in Frameworks */ = {isa = PBXBuildFile; fileRef = F791C21824EDA2E200ADA899 /* Braintree3DSecure.framework */; };
		F791C23424EDA2E300ADA899 /* Braintree3DSecure.framework in Embed Frameworks */ = {isa = PBXBuildFile; fileRef = F791C21824EDA2E200ADA899 /* Braintree3DSecure.framework */; settings = {ATTRIBUTES = (CodeSignOnCopy, RemoveHeadersOnCopy, ); }; };
		F791C23524EDA2E300ADA899 /* CardinalMobile.framework in Frameworks */ = {isa = PBXBuildFile; fileRef = F791C21924EDA2E200ADA899 /* CardinalMobile.framework */; };
		F791C23624EDA2E300ADA899 /* CardinalMobile.framework in Embed Frameworks */ = {isa = PBXBuildFile; fileRef = F791C21924EDA2E200ADA899 /* CardinalMobile.framework */; settings = {ATTRIBUTES = (CodeSignOnCopy, RemoveHeadersOnCopy, ); }; };
		F791C23724EDA2E300ADA899 /* BraintreeUIKit.framework in Frameworks */ = {isa = PBXBuildFile; fileRef = F791C21A24EDA2E200ADA899 /* BraintreeUIKit.framework */; };
		F791C23824EDA2E300ADA899 /* BraintreeUIKit.framework in Embed Frameworks */ = {isa = PBXBuildFile; fileRef = F791C21A24EDA2E200ADA899 /* BraintreeUIKit.framework */; settings = {ATTRIBUTES = (CodeSignOnCopy, RemoveHeadersOnCopy, ); }; };
		F791C23924EDA2E300ADA899 /* BraintreeDataCollector.framework in Frameworks */ = {isa = PBXBuildFile; fileRef = F791C21B24EDA2E200ADA899 /* BraintreeDataCollector.framework */; };
		F791C23A24EDA2E300ADA899 /* BraintreeDataCollector.framework in Embed Frameworks */ = {isa = PBXBuildFile; fileRef = F791C21B24EDA2E200ADA899 /* BraintreeDataCollector.framework */; settings = {ATTRIBUTES = (CodeSignOnCopy, RemoveHeadersOnCopy, ); }; };
		F791C23B24EDA2E400ADA899 /* PayPalUtils.framework in Frameworks */ = {isa = PBXBuildFile; fileRef = F791C21C24EDA2E200ADA899 /* PayPalUtils.framework */; };
		F791C23C24EDA2E400ADA899 /* PayPalUtils.framework in Embed Frameworks */ = {isa = PBXBuildFile; fileRef = F791C21C24EDA2E200ADA899 /* PayPalUtils.framework */; settings = {ATTRIBUTES = (CodeSignOnCopy, RemoveHeadersOnCopy, ); }; };
		F791C23D24EDA2E400ADA899 /* BraintreeApplePay.framework in Frameworks */ = {isa = PBXBuildFile; fileRef = F791C21D24EDA2E200ADA899 /* BraintreeApplePay.framework */; };
		F791C23E24EDA2E400ADA899 /* BraintreeApplePay.framework in Embed Frameworks */ = {isa = PBXBuildFile; fileRef = F791C21D24EDA2E200ADA899 /* BraintreeApplePay.framework */; settings = {ATTRIBUTES = (CodeSignOnCopy, RemoveHeadersOnCopy, ); }; };
		F791C23F24EDA2E400ADA899 /* BraintreeVenmo.framework in Frameworks */ = {isa = PBXBuildFile; fileRef = F791C21E24EDA2E300ADA899 /* BraintreeVenmo.framework */; };
		F791C24024EDA2E400ADA899 /* BraintreeVenmo.framework in Embed Frameworks */ = {isa = PBXBuildFile; fileRef = F791C21E24EDA2E300ADA899 /* BraintreeVenmo.framework */; settings = {ATTRIBUTES = (CodeSignOnCopy, RemoveHeadersOnCopy, ); }; };
/* End PBXBuildFile section */

/* Begin PBXCopyFilesBuildPhase section */
		A676112524E31C8300E6DBF7 /* Embed Frameworks */ = {
			isa = PBXCopyFilesBuildPhase;
			buildActionMask = 2147483647;
			dstPath = "";
			dstSubfolderSpec = 10;
			files = (
				A676114124E3202F00E6DBF7 /* VenueNextOrderData.framework in Embed Frameworks */,
				F791C22E24EDA2E300ADA899 /* BraintreeCard.framework in Embed Frameworks */,
				F791C24024EDA2E400ADA899 /* BraintreeVenmo.framework in Embed Frameworks */,
				F791C23624EDA2E300ADA899 /* CardinalMobile.framework in Embed Frameworks */,
				A676113724E3202E00E6DBF7 /* VenueNextLegacy.framework in Embed Frameworks */,
				F791C22C24EDA2E300ADA899 /* BraintreeAmericanExpress.framework in Embed Frameworks */,
				A676114724E3202F00E6DBF7 /* VenueNextWalletService.framework in Embed Frameworks */,
				F791C23224EDA2E300ADA899 /* BraintreeDropIn.framework in Embed Frameworks */,
				A676113524E3202E00E6DBF7 /* VenueNextAnalytics.framework in Embed Frameworks */,
				A676114324E3202F00E6DBF7 /* VenueNextNetworkService.framework in Embed Frameworks */,
				F791C23824EDA2E300ADA899 /* BraintreeUIKit.framework in Embed Frameworks */,
				F791C23A24EDA2E300ADA899 /* BraintreeDataCollector.framework in Embed Frameworks */,
				F791C23C24EDA2E400ADA899 /* PayPalUtils.framework in Embed Frameworks */,
				F791C22224EDA2E300ADA899 /* PayPalDataCollector.framework in Embed Frameworks */,
				F791C22624EDA2E300ADA899 /* BraintreeUnionPay.framework in Embed Frameworks */,
				F791C22824EDA2E300ADA899 /* BraintreeUI.framework in Embed Frameworks */,
				A676113D24E3202E00E6DBF7 /* VenueNextCore.framework in Embed Frameworks */,
				F791C22424EDA2E300ADA899 /* BraintreePayPal.framework in Embed Frameworks */,
				A676114924E3202F00E6DBF7 /* VenueNextOrderUI.framework in Embed Frameworks */,
				A676113B24E3202E00E6DBF7 /* VenueNextCoreUI.framework in Embed Frameworks */,
				F791C23E24EDA2E400ADA899 /* BraintreeApplePay.framework in Embed Frameworks */,
				F791C23024EDA2E300ADA899 /* BraintreeCore.framework in Embed Frameworks */,
				F791C22024EDA2E300ADA899 /* BraintreePaymentFlow.framework in Embed Frameworks */,
				A676113924E3202E00E6DBF7 /* VenueNextOrderService.framework in Embed Frameworks */,
				F791C22A24EDA2E300ADA899 /* PayPalOneTouch.framework in Embed Frameworks */,
				A676113F24E3202E00E6DBF7 /* VenueNextWalletUI.framework in Embed Frameworks */,
				F791C23424EDA2E300ADA899 /* Braintree3DSecure.framework in Embed Frameworks */,
				A676114524E3202F00E6DBF7 /* VenueNextPayment.framework in Embed Frameworks */,
				A676113324E3202E00E6DBF7 /* VenueNextWalletData.framework in Embed Frameworks */,
			);
			name = "Embed Frameworks";
			runOnlyForDeploymentPostprocessing = 0;
		};
/* End PBXCopyFilesBuildPhase section */

/* Begin PBXFileReference section */
		87AFAE7A1FAD03BF00990BCE /* Walkthrough.app */ = {isa = PBXFileReference; explicitFileType = wrapper.application; includeInIndex = 0; path = Walkthrough.app; sourceTree = BUILT_PRODUCTS_DIR; };
		87AFAE821FAD03BF00990BCE /* Base */ = {isa = PBXFileReference; lastKnownFileType = file.storyboard; name = Base; path = Base.lproj/Main.storyboard; sourceTree = "<group>"; };
		87AFAE841FAD03BF00990BCE /* Assets.xcassets */ = {isa = PBXFileReference; lastKnownFileType = folder.assetcatalog; path = Assets.xcassets; sourceTree = "<group>"; };
		87AFAE871FAD03BF00990BCE /* Base */ = {isa = PBXFileReference; lastKnownFileType = file.storyboard; name = Base; path = Base.lproj/LaunchScreen.storyboard; sourceTree = "<group>"; };
		87AFAE891FAD03BF00990BCE /* Info.plist */ = {isa = PBXFileReference; lastKnownFileType = text.plist.xml; path = Info.plist; sourceTree = "<group>"; };
		87AFAE8F1FAD03FA00990BCE /* Walkthrough.swift */ = {isa = PBXFileReference; fileEncoding = 4; lastKnownFileType = sourcecode.swift; path = Walkthrough.swift; sourceTree = SOURCE_ROOT; };
		9FE73569713CF92B15210467 /* Pods-Walkthrough.debug.xcconfig */ = {isa = PBXFileReference; includeInIndex = 1; lastKnownFileType = text.xcconfig; name = "Pods-Walkthrough.debug.xcconfig"; path = "Target Support Files/Pods-Walkthrough/Pods-Walkthrough.debug.xcconfig"; sourceTree = "<group>"; };
		A62BC9B424E433BD00FB37D5 /* LocationServiceDelegate.swift */ = {isa = PBXFileReference; lastKnownFileType = sourcecode.swift; path = LocationServiceDelegate.swift; sourceTree = "<group>"; };
		A62BC9B824E43D5800FB37D5 /* StadiumLocation.gpx */ = {isa = PBXFileReference; lastKnownFileType = text.xml; path = StadiumLocation.gpx; sourceTree = SOURCE_ROOT; };
		A62BC9BA24E581FC00FB37D5 /* MapVCBottomExtension.swift */ = {isa = PBXFileReference; lastKnownFileType = sourcecode.swift; path = MapVCBottomExtension.swift; sourceTree = "<group>"; };
		A62BC9C324E58AC800FB37D5 /* BottomSheetViewController.swift */ = {isa = PBXFileReference; lastKnownFileType = sourcecode.swift; path = BottomSheetViewController.swift; sourceTree = "<group>"; };
		A62BC9C424E58AC800FB37D5 /* BottomSheetViewController.xib */ = {isa = PBXFileReference; lastKnownFileType = file.xib; path = BottomSheetViewController.xib; sourceTree = "<group>"; };
		A62F92AF24EC6098006A1B12 /* Walkthrough.entitlements */ = {isa = PBXFileReference; lastKnownFileType = text.plist.entitlements; path = Walkthrough.entitlements; sourceTree = "<group>"; };
		A670FCD524CB2058002F43DC /* LocationService.swift */ = {isa = PBXFileReference; lastKnownFileType = sourcecode.swift; path = LocationService.swift; sourceTree = "<group>"; };
		A676110024E30E3D00E6DBF7 /* MapViewController.swift */ = {isa = PBXFileReference; lastKnownFileType = sourcecode.swift; path = MapViewController.swift; sourceTree = "<group>"; };
		A676110224E319A400E6DBF7 /* MapViewDelegate.swift */ = {isa = PBXFileReference; lastKnownFileType = sourcecode.swift; path = MapViewDelegate.swift; sourceTree = "<group>"; };
		A676112624E3202D00E6DBF7 /* VenueNextWalletData.framework */ = {isa = PBXFileReference; lastKnownFileType = wrapper.framework; name = VenueNextWalletData.framework; path = iOS/VenueNextWalletData.framework; sourceTree = "<group>"; };
		A676112724E3202D00E6DBF7 /* VenueNextAnalytics.framework */ = {isa = PBXFileReference; lastKnownFileType = wrapper.framework; name = VenueNextAnalytics.framework; path = iOS/VenueNextAnalytics.framework; sourceTree = "<group>"; };
		A676112824E3202D00E6DBF7 /* VenueNextLegacy.framework */ = {isa = PBXFileReference; lastKnownFileType = wrapper.framework; name = VenueNextLegacy.framework; path = iOS/VenueNextLegacy.framework; sourceTree = "<group>"; };
		A676112924E3202E00E6DBF7 /* VenueNextOrderService.framework */ = {isa = PBXFileReference; lastKnownFileType = wrapper.framework; name = VenueNextOrderService.framework; path = iOS/VenueNextOrderService.framework; sourceTree = "<group>"; };
		A676112A24E3202E00E6DBF7 /* VenueNextCoreUI.framework */ = {isa = PBXFileReference; lastKnownFileType = wrapper.framework; name = VenueNextCoreUI.framework; path = iOS/VenueNextCoreUI.framework; sourceTree = "<group>"; };
		A676112B24E3202E00E6DBF7 /* VenueNextCore.framework */ = {isa = PBXFileReference; lastKnownFileType = wrapper.framework; name = VenueNextCore.framework; path = iOS/VenueNextCore.framework; sourceTree = "<group>"; };
		A676112C24E3202E00E6DBF7 /* VenueNextWalletUI.framework */ = {isa = PBXFileReference; lastKnownFileType = wrapper.framework; name = VenueNextWalletUI.framework; path = iOS/VenueNextWalletUI.framework; sourceTree = "<group>"; };
		A676112D24E3202E00E6DBF7 /* VenueNextOrderData.framework */ = {isa = PBXFileReference; lastKnownFileType = wrapper.framework; name = VenueNextOrderData.framework; path = iOS/VenueNextOrderData.framework; sourceTree = "<group>"; };
		A676112E24E3202E00E6DBF7 /* VenueNextNetworkService.framework */ = {isa = PBXFileReference; lastKnownFileType = wrapper.framework; name = VenueNextNetworkService.framework; path = iOS/VenueNextNetworkService.framework; sourceTree = "<group>"; };
		A676112F24E3202E00E6DBF7 /* VenueNextPayment.framework */ = {isa = PBXFileReference; lastKnownFileType = wrapper.framework; name = VenueNextPayment.framework; path = iOS/VenueNextPayment.framework; sourceTree = "<group>"; };
		A676113024E3202E00E6DBF7 /* VenueNextWalletService.framework */ = {isa = PBXFileReference; lastKnownFileType = wrapper.framework; name = VenueNextWalletService.framework; path = iOS/VenueNextWalletService.framework; sourceTree = "<group>"; };
		A676113124E3202E00E6DBF7 /* VenueNextOrderUI.framework */ = {isa = PBXFileReference; lastKnownFileType = wrapper.framework; name = VenueNextOrderUI.framework; path = iOS/VenueNextOrderUI.framework; sourceTree = "<group>"; };
		A676114A24E3213800E6DBF7 /* mappedin_sdk_config.json */ = {isa = PBXFileReference; fileEncoding = 4; lastKnownFileType = text.json; name = mappedin_sdk_config.json; path = ../../../../../../Downloads/mappedin_sdk_config.json; sourceTree = "<group>"; };
		A67E537324EAF9D500F36600 /* Menus.plist */ = {isa = PBXFileReference; lastKnownFileType = text.plist.xml; path = Menus.plist; sourceTree = "<group>"; };
		A67E537524EB174B00F36600 /* PaymentAdapter.swift */ = {isa = PBXFileReference; lastKnownFileType = sourcecode.swift; path = PaymentAdapter.swift; sourceTree = "<group>"; };
		CB10AB0100B8B6212D20FE3E /* libPods-Walkthrough.a */ = {isa = PBXFileReference; explicitFileType = archive.ar; includeInIndex = 0; path = "libPods-Walkthrough.a"; sourceTree = BUILT_PRODUCTS_DIR; };
		D3EAB7494C1B19D29EF30511 /* Pods-Walkthrough.release.xcconfig */ = {isa = PBXFileReference; includeInIndex = 1; lastKnownFileType = text.xcconfig; name = "Pods-Walkthrough.release.xcconfig"; path = "Target Support Files/Pods-Walkthrough/Pods-Walkthrough.release.xcconfig"; sourceTree = "<group>"; };
		F791C1FB24ED8F9A00ADA899 /* PayPalOneTouch.framework */ = {isa = PBXFileReference; lastKnownFileType = wrapper.framework; name = PayPalOneTouch.framework; path = ../../Carthage/Build/iOS/PayPalOneTouch.framework; sourceTree = "<group>"; };
		F791C1FC24ED8F9A00ADA899 /* PayPalDataCollector.framework */ = {isa = PBXFileReference; lastKnownFileType = wrapper.framework; name = PayPalDataCollector.framework; path = ../../Carthage/Build/iOS/PayPalDataCollector.framework; sourceTree = "<group>"; };
		F791C1FD24ED8F9A00ADA899 /* PayPalUtils.framework */ = {isa = PBXFileReference; lastKnownFileType = wrapper.framework; name = PayPalUtils.framework; path = ../../Carthage/Build/iOS/PayPalUtils.framework; sourceTree = "<group>"; };
		F791C20E24EDA2E100ADA899 /* BraintreePaymentFlow.framework */ = {isa = PBXFileReference; lastKnownFileType = wrapper.framework; name = BraintreePaymentFlow.framework; path = iOS/BraintreePaymentFlow.framework; sourceTree = "<group>"; };
		F791C20F24EDA2E100ADA899 /* PayPalDataCollector.framework */ = {isa = PBXFileReference; lastKnownFileType = wrapper.framework; name = PayPalDataCollector.framework; path = iOS/PayPalDataCollector.framework; sourceTree = "<group>"; };
		F791C21024EDA2E100ADA899 /* BraintreePayPal.framework */ = {isa = PBXFileReference; lastKnownFileType = wrapper.framework; name = BraintreePayPal.framework; path = iOS/BraintreePayPal.framework; sourceTree = "<group>"; };
		F791C21124EDA2E100ADA899 /* BraintreeUnionPay.framework */ = {isa = PBXFileReference; lastKnownFileType = wrapper.framework; name = BraintreeUnionPay.framework; path = iOS/BraintreeUnionPay.framework; sourceTree = "<group>"; };
		F791C21224EDA2E100ADA899 /* BraintreeUI.framework */ = {isa = PBXFileReference; lastKnownFileType = wrapper.framework; name = BraintreeUI.framework; path = iOS/BraintreeUI.framework; sourceTree = "<group>"; };
		F791C21324EDA2E200ADA899 /* PayPalOneTouch.framework */ = {isa = PBXFileReference; lastKnownFileType = wrapper.framework; name = PayPalOneTouch.framework; path = iOS/PayPalOneTouch.framework; sourceTree = "<group>"; };
		F791C21424EDA2E200ADA899 /* BraintreeAmericanExpress.framework */ = {isa = PBXFileReference; lastKnownFileType = wrapper.framework; name = BraintreeAmericanExpress.framework; path = iOS/BraintreeAmericanExpress.framework; sourceTree = "<group>"; };
		F791C21524EDA2E200ADA899 /* BraintreeCard.framework */ = {isa = PBXFileReference; lastKnownFileType = wrapper.framework; name = BraintreeCard.framework; path = iOS/BraintreeCard.framework; sourceTree = "<group>"; };
		F791C21624EDA2E200ADA899 /* BraintreeCore.framework */ = {isa = PBXFileReference; lastKnownFileType = wrapper.framework; name = BraintreeCore.framework; path = iOS/BraintreeCore.framework; sourceTree = "<group>"; };
		F791C21724EDA2E200ADA899 /* BraintreeDropIn.framework */ = {isa = PBXFileReference; lastKnownFileType = wrapper.framework; name = BraintreeDropIn.framework; path = iOS/BraintreeDropIn.framework; sourceTree = "<group>"; };
		F791C21824EDA2E200ADA899 /* Braintree3DSecure.framework */ = {isa = PBXFileReference; lastKnownFileType = wrapper.framework; name = Braintree3DSecure.framework; path = iOS/Braintree3DSecure.framework; sourceTree = "<group>"; };
		F791C21924EDA2E200ADA899 /* CardinalMobile.framework */ = {isa = PBXFileReference; lastKnownFileType = wrapper.framework; name = CardinalMobile.framework; path = iOS/CardinalMobile.framework; sourceTree = "<group>"; };
		F791C21A24EDA2E200ADA899 /* BraintreeUIKit.framework */ = {isa = PBXFileReference; lastKnownFileType = wrapper.framework; name = BraintreeUIKit.framework; path = iOS/BraintreeUIKit.framework; sourceTree = "<group>"; };
		F791C21B24EDA2E200ADA899 /* BraintreeDataCollector.framework */ = {isa = PBXFileReference; lastKnownFileType = wrapper.framework; name = BraintreeDataCollector.framework; path = iOS/BraintreeDataCollector.framework; sourceTree = "<group>"; };
		F791C21C24EDA2E200ADA899 /* PayPalUtils.framework */ = {isa = PBXFileReference; lastKnownFileType = wrapper.framework; name = PayPalUtils.framework; path = iOS/PayPalUtils.framework; sourceTree = "<group>"; };
		F791C21D24EDA2E200ADA899 /* BraintreeApplePay.framework */ = {isa = PBXFileReference; lastKnownFileType = wrapper.framework; name = BraintreeApplePay.framework; path = iOS/BraintreeApplePay.framework; sourceTree = "<group>"; };
		F791C21E24EDA2E300ADA899 /* BraintreeVenmo.framework */ = {isa = PBXFileReference; lastKnownFileType = wrapper.framework; name = BraintreeVenmo.framework; path = iOS/BraintreeVenmo.framework; sourceTree = "<group>"; };
/* End PBXFileReference section */

/* Begin PBXFrameworksBuildPhase section */
		87AFAE771FAD03BF00990BCE /* Frameworks */ = {
			isa = PBXFrameworksBuildPhase;
			buildActionMask = 2147483647;
			files = (
				A676113E24E3202E00E6DBF7 /* VenueNextWalletUI.framework in Frameworks */,
				F791C22124EDA2E300ADA899 /* PayPalDataCollector.framework in Frameworks */,
				A676114024E3202E00E6DBF7 /* VenueNextOrderData.framework in Frameworks */,
				A676113624E3202E00E6DBF7 /* VenueNextLegacy.framework in Frameworks */,
				F791C22B24EDA2E300ADA899 /* BraintreeAmericanExpress.framework in Frameworks */,
				A676113224E3202E00E6DBF7 /* VenueNextWalletData.framework in Frameworks */,
				F791C23724EDA2E300ADA899 /* BraintreeUIKit.framework in Frameworks */,
				F791C23D24EDA2E400ADA899 /* BraintreeApplePay.framework in Frameworks */,
				F791C22D24EDA2E300ADA899 /* BraintreeCard.framework in Frameworks */,
				F791C22924EDA2E300ADA899 /* PayPalOneTouch.framework in Frameworks */,
				F791C22F24EDA2E300ADA899 /* BraintreeCore.framework in Frameworks */,
				F791C23324EDA2E300ADA899 /* Braintree3DSecure.framework in Frameworks */,
				A676114624E3202F00E6DBF7 /* VenueNextWalletService.framework in Frameworks */,
				F791C23F24EDA2E400ADA899 /* BraintreeVenmo.framework in Frameworks */,
				F791C23524EDA2E300ADA899 /* CardinalMobile.framework in Frameworks */,
				F791C23B24EDA2E400ADA899 /* PayPalUtils.framework in Frameworks */,
				A676114424E3202F00E6DBF7 /* VenueNextPayment.framework in Frameworks */,
				F791C22524EDA2E300ADA899 /* BraintreeUnionPay.framework in Frameworks */,
				A676113824E3202E00E6DBF7 /* VenueNextOrderService.framework in Frameworks */,
				F791C22324EDA2E300ADA899 /* BraintreePayPal.framework in Frameworks */,
				A676113A24E3202E00E6DBF7 /* VenueNextCoreUI.framework in Frameworks */,
				A676113C24E3202E00E6DBF7 /* VenueNextCore.framework in Frameworks */,
				A676114224E3202F00E6DBF7 /* VenueNextNetworkService.framework in Frameworks */,
				F791C21F24EDA2E300ADA899 /* BraintreePaymentFlow.framework in Frameworks */,
				F791C23124EDA2E300ADA899 /* BraintreeDropIn.framework in Frameworks */,
				A676113424E3202E00E6DBF7 /* VenueNextAnalytics.framework in Frameworks */,
				A676114824E3202F00E6DBF7 /* VenueNextOrderUI.framework in Frameworks */,
				F791C23924EDA2E300ADA899 /* BraintreeDataCollector.framework in Frameworks */,
				A79890CF389B9D83F11B4202 /* libPods-Walkthrough.a in Frameworks */,
				F791C22724EDA2E300ADA899 /* BraintreeUI.framework in Frameworks */,
			);
			runOnlyForDeploymentPostprocessing = 0;
		};
/* End PBXFrameworksBuildPhase section */

/* Begin PBXGroup section */
		0F05F8CDE614E2C6563B0A8D /* Frameworks */ = {
			isa = PBXGroup;
			children = (
				F791C21024EDA2E100ADA899 /* BraintreePayPal.framework */,
				F791C21224EDA2E100ADA899 /* BraintreeUI.framework */,
				F791C21A24EDA2E200ADA899 /* BraintreeUIKit.framework */,
				F791C21124EDA2E100ADA899 /* BraintreeUnionPay.framework */,
				F791C21E24EDA2E300ADA899 /* BraintreeVenmo.framework */,
				F791C21924EDA2E200ADA899 /* CardinalMobile.framework */,
				F791C1FC24ED8F9A00ADA899 /* PayPalDataCollector.framework */,
				F791C1FB24ED8F9A00ADA899 /* PayPalOneTouch.framework */,
				F791C1FD24ED8F9A00ADA899 /* PayPalUtils.framework */,
				F791C21824EDA2E200ADA899 /* Braintree3DSecure.framework */,
				F791C21424EDA2E200ADA899 /* BraintreeAmericanExpress.framework */,
				F791C21D24EDA2E200ADA899 /* BraintreeApplePay.framework */,
				F791C21524EDA2E200ADA899 /* BraintreeCard.framework */,
				F791C21624EDA2E200ADA899 /* BraintreeCore.framework */,
				F791C21B24EDA2E200ADA899 /* BraintreeDataCollector.framework */,
				F791C21724EDA2E200ADA899 /* BraintreeDropIn.framework */,
				F791C20E24EDA2E100ADA899 /* BraintreePaymentFlow.framework */,
				F791C20F24EDA2E100ADA899 /* PayPalDataCollector.framework */,
				F791C21324EDA2E200ADA899 /* PayPalOneTouch.framework */,
				F791C21C24EDA2E200ADA899 /* PayPalUtils.framework */,
				A676112724E3202D00E6DBF7 /* VenueNextAnalytics.framework */,
				A676112B24E3202E00E6DBF7 /* VenueNextCore.framework */,
				A676112A24E3202E00E6DBF7 /* VenueNextCoreUI.framework */,
				A676112824E3202D00E6DBF7 /* VenueNextLegacy.framework */,
				A676112E24E3202E00E6DBF7 /* VenueNextNetworkService.framework */,
				A676112D24E3202E00E6DBF7 /* VenueNextOrderData.framework */,
				A676112924E3202E00E6DBF7 /* VenueNextOrderService.framework */,
				A676113124E3202E00E6DBF7 /* VenueNextOrderUI.framework */,
				A676112F24E3202E00E6DBF7 /* VenueNextPayment.framework */,
				A676112624E3202D00E6DBF7 /* VenueNextWalletData.framework */,
				A676113024E3202E00E6DBF7 /* VenueNextWalletService.framework */,
				A676112C24E3202E00E6DBF7 /* VenueNextWalletUI.framework */,
				CB10AB0100B8B6212D20FE3E /* libPods-Walkthrough.a */,
			);
			name = Frameworks;
			sourceTree = "<group>";
		};
		5DA8843E8EEB59B34F869CC4 /* Pods */ = {
			isa = PBXGroup;
			children = (
				9FE73569713CF92B15210467 /* Pods-Walkthrough.debug.xcconfig */,
				D3EAB7494C1B19D29EF30511 /* Pods-Walkthrough.release.xcconfig */,
			);
			name = Pods;
			path = ../../Pods;
			sourceTree = "<group>";
		};
		87AFAE711FAD03BF00990BCE = {
			isa = PBXGroup;
			children = (
				87AFAE7C1FAD03BF00990BCE /* Walkthrough */,
				87AFAE7B1FAD03BF00990BCE /* Products */,
				0F05F8CDE614E2C6563B0A8D /* Frameworks */,
				5DA8843E8EEB59B34F869CC4 /* Pods */,
			);
			sourceTree = "<group>";
		};
		87AFAE7B1FAD03BF00990BCE /* Products */ = {
			isa = PBXGroup;
			children = (
				87AFAE7A1FAD03BF00990BCE /* Walkthrough.app */,
			);
			name = Products;
			sourceTree = "<group>";
		};
		87AFAE7C1FAD03BF00990BCE /* Walkthrough */ = {
			isa = PBXGroup;
			children = (
				A62F92AF24EC6098006A1B12 /* Walkthrough.entitlements */,
				A62BC9B824E43D5800FB37D5 /* StadiumLocation.gpx */,
				87AFAE8F1FAD03FA00990BCE /* Walkthrough.swift */,
				A670FCD524CB2058002F43DC /* LocationService.swift */,
				A676110024E30E3D00E6DBF7 /* MapViewController.swift */,
				A62BC9BA24E581FC00FB37D5 /* MapVCBottomExtension.swift */,
				A676110224E319A400E6DBF7 /* MapViewDelegate.swift */,
				A62BC9B424E433BD00FB37D5 /* LocationServiceDelegate.swift */,
				A67E537524EB174B00F36600 /* PaymentAdapter.swift */,
				A676114A24E3213800E6DBF7 /* mappedin_sdk_config.json */,
				A62BC9C324E58AC800FB37D5 /* BottomSheetViewController.swift */,
				A62BC9C424E58AC800FB37D5 /* BottomSheetViewController.xib */,
				87AFAE811FAD03BF00990BCE /* Main.storyboard */,
				87AFAE861FAD03BF00990BCE /* LaunchScreen.storyboard */,
				87AFAE841FAD03BF00990BCE /* Assets.xcassets */,
				87AFAE891FAD03BF00990BCE /* Info.plist */,
				A67E537324EAF9D500F36600 /* Menus.plist */,
			);
			path = Walkthrough;
			sourceTree = "<group>";
		};
/* End PBXGroup section */

/* Begin PBXNativeTarget section */
		87AFAE791FAD03BF00990BCE /* Walkthrough */ = {
			isa = PBXNativeTarget;
			buildConfigurationList = 87AFAE8C1FAD03BF00990BCE /* Build configuration list for PBXNativeTarget "Walkthrough" */;
			buildPhases = (
				41F395909EDACA50779FC6FF /* [CP] Check Pods Manifest.lock */,
				87AFAE761FAD03BF00990BCE /* Sources */,
				87AFAE771FAD03BF00990BCE /* Frameworks */,
				87AFAE781FAD03BF00990BCE /* Resources */,
				A676112524E31C8300E6DBF7 /* Embed Frameworks */,
				89A3349A04A23D05F2490BDF /* [CP] Embed Pods Frameworks */,
				F791C20D24EDA20500ADA899 /* ShellScript */,
			);
			buildRules = (
			);
			dependencies = (
			);
			name = Walkthrough;
			productName = Walkthrough;
			productReference = 87AFAE7A1FAD03BF00990BCE /* Walkthrough.app */;
			productType = "com.apple.product-type.application";
		};
/* End PBXNativeTarget section */

/* Begin PBXProject section */
		87AFAE721FAD03BF00990BCE /* Project object */ = {
			isa = PBXProject;
			attributes = {
				LastSwiftUpdateCheck = 0910;
				LastUpgradeCheck = 1020;
				ORGANIZATIONNAME = Mappedin;
				TargetAttributes = {
					87AFAE791FAD03BF00990BCE = {
						CreatedOnToolsVersion = 9.1;
						LastSwiftMigration = 1160;
						ProvisioningStyle = Automatic;
					};
				};
			};
			buildConfigurationList = 87AFAE751FAD03BF00990BCE /* Build configuration list for PBXProject "Walkthrough" */;
			compatibilityVersion = "Xcode 8.0";
			developmentRegion = en;
			hasScannedForEncodings = 0;
			knownRegions = (
				en,
				Base,
			);
			mainGroup = 87AFAE711FAD03BF00990BCE;
			productRefGroup = 87AFAE7B1FAD03BF00990BCE /* Products */;
			projectDirPath = "";
			projectRoot = "";
			targets = (
				87AFAE791FAD03BF00990BCE /* Walkthrough */,
			);
		};
/* End PBXProject section */

/* Begin PBXResourcesBuildPhase section */
		87AFAE781FAD03BF00990BCE /* Resources */ = {
			isa = PBXResourcesBuildPhase;
			buildActionMask = 2147483647;
			files = (
				A676114B24E3213800E6DBF7 /* mappedin_sdk_config.json in Resources */,
				87AFAE881FAD03BF00990BCE /* LaunchScreen.storyboard in Resources */,
				A62BC9B924E43D5800FB37D5 /* StadiumLocation.gpx in Resources */,
				A67E537424EAF9D500F36600 /* Menus.plist in Resources */,
				87AFAE851FAD03BF00990BCE /* Assets.xcassets in Resources */,
				87AFAE831FAD03BF00990BCE /* Main.storyboard in Resources */,
				A62BC9C624E58AC800FB37D5 /* BottomSheetViewController.xib in Resources */,
			);
			runOnlyForDeploymentPostprocessing = 0;
		};
/* End PBXResourcesBuildPhase section */

/* Begin PBXShellScriptBuildPhase section */
		41F395909EDACA50779FC6FF /* [CP] Check Pods Manifest.lock */ = {
			isa = PBXShellScriptBuildPhase;
			buildActionMask = 2147483647;
			files = (
			);
			inputFileListPaths = (
			);
			inputPaths = (
				"${PODS_PODFILE_DIR_PATH}/Podfile.lock",
				"${PODS_ROOT}/Manifest.lock",
			);
			name = "[CP] Check Pods Manifest.lock";
			outputFileListPaths = (
			);
			outputPaths = (
				"$(DERIVED_FILE_DIR)/Pods-Walkthrough-checkManifestLockResult.txt",
			);
			runOnlyForDeploymentPostprocessing = 0;
			shellPath = /bin/sh;
			shellScript = "diff \"${PODS_PODFILE_DIR_PATH}/Podfile.lock\" \"${PODS_ROOT}/Manifest.lock\" > /dev/null\nif [ $? != 0 ] ; then\n    # print error to STDERR\n    echo \"error: The sandbox is not in sync with the Podfile.lock. Run 'pod install' or update your CocoaPods installation.\" >&2\n    exit 1\nfi\n# This output is used by Xcode 'outputs' to avoid re-running this script phase.\necho \"SUCCESS\" > \"${SCRIPT_OUTPUT_FILE_0}\"\n";
			showEnvVarsInLog = 0;
		};
		89A3349A04A23D05F2490BDF /* [CP] Embed Pods Frameworks */ = {
			isa = PBXShellScriptBuildPhase;
			buildActionMask = 2147483647;
			files = (
			);
			inputPaths = (
				"${PODS_ROOT}/Target Support Files/Pods-Walkthrough/Pods-Walkthrough-frameworks.sh",
				"${PODS_ROOT}/MappedIn/Mappedin.framework",
			);
			name = "[CP] Embed Pods Frameworks";
			outputPaths = (
				"${TARGET_BUILD_DIR}/${FRAMEWORKS_FOLDER_PATH}/Mappedin.framework",
			);
			runOnlyForDeploymentPostprocessing = 0;
			shellPath = /bin/sh;
			shellScript = "\"${PODS_ROOT}/Target Support Files/Pods-Walkthrough/Pods-Walkthrough-frameworks.sh\"\n";
			showEnvVarsInLog = 0;
		};
		F791C20D24EDA20500ADA899 /* ShellScript */ = {
			isa = PBXShellScriptBuildPhase;
			buildActionMask = 2147483647;
			files = (
			);
			inputFileListPaths = (
			);
			inputPaths = (
			);
			outputFileListPaths = (
			);
			outputPaths = (
			);
			runOnlyForDeploymentPostprocessing = 0;
			shellPath = /bin/sh;
			shellScript = "# Type a script or drag a script file from your workspace to insert its path.\n/usr/local/bin/carthage copy-frameworks\n";
		};
/* End PBXShellScriptBuildPhase section */

/* Begin PBXSourcesBuildPhase section */
		87AFAE761FAD03BF00990BCE /* Sources */ = {
			isa = PBXSourcesBuildPhase;
			buildActionMask = 2147483647;
			files = (
				A62BC9BB24E581FC00FB37D5 /* MapVCBottomExtension.swift in Sources */,
				A62BC9C524E58AC800FB37D5 /* BottomSheetViewController.swift in Sources */,
				A676110324E319A400E6DBF7 /* MapViewDelegate.swift in Sources */,
				A62BC9B524E433BD00FB37D5 /* LocationServiceDelegate.swift in Sources */,
				A670FCD624CB2058002F43DC /* LocationService.swift in Sources */,
				A676110124E30E3D00E6DBF7 /* MapViewController.swift in Sources */,
				A67E537624EB174B00F36600 /* PaymentAdapter.swift in Sources */,
				87AFAE901FAD03FA00990BCE /* Walkthrough.swift in Sources */,
			);
			runOnlyForDeploymentPostprocessing = 0;
		};
/* End PBXSourcesBuildPhase section */

/* Begin PBXVariantGroup section */
		87AFAE811FAD03BF00990BCE /* Main.storyboard */ = {
			isa = PBXVariantGroup;
			children = (
				87AFAE821FAD03BF00990BCE /* Base */,
			);
			name = Main.storyboard;
			sourceTree = "<group>";
		};
		87AFAE861FAD03BF00990BCE /* LaunchScreen.storyboard */ = {
			isa = PBXVariantGroup;
			children = (
				87AFAE871FAD03BF00990BCE /* Base */,
			);
			name = LaunchScreen.storyboard;
			sourceTree = "<group>";
		};
/* End PBXVariantGroup section */

/* Begin XCBuildConfiguration section */
		87AFAE8A1FAD03BF00990BCE /* Debug */ = {
			isa = XCBuildConfiguration;
			buildSettings = {
				ALWAYS_SEARCH_USER_PATHS = NO;
				CLANG_ANALYZER_NONNULL = YES;
				CLANG_ANALYZER_NUMBER_OBJECT_CONVERSION = YES_AGGRESSIVE;
				CLANG_CXX_LANGUAGE_STANDARD = "gnu++14";
				CLANG_CXX_LIBRARY = "libc++";
				CLANG_ENABLE_MODULES = YES;
				CLANG_ENABLE_OBJC_ARC = YES;
				CLANG_WARN_BLOCK_CAPTURE_AUTORELEASING = YES;
				CLANG_WARN_BOOL_CONVERSION = YES;
				CLANG_WARN_COMMA = YES;
				CLANG_WARN_CONSTANT_CONVERSION = YES;
				CLANG_WARN_DEPRECATED_OBJC_IMPLEMENTATIONS = YES;
				CLANG_WARN_DIRECT_OBJC_ISA_USAGE = YES_ERROR;
				CLANG_WARN_DOCUMENTATION_COMMENTS = YES;
				CLANG_WARN_EMPTY_BODY = YES;
				CLANG_WARN_ENUM_CONVERSION = YES;
				CLANG_WARN_INFINITE_RECURSION = YES;
				CLANG_WARN_INT_CONVERSION = YES;
				CLANG_WARN_NON_LITERAL_NULL_CONVERSION = YES;
				CLANG_WARN_OBJC_IMPLICIT_RETAIN_SELF = YES;
				CLANG_WARN_OBJC_LITERAL_CONVERSION = YES;
				CLANG_WARN_OBJC_ROOT_CLASS = YES_ERROR;
				CLANG_WARN_RANGE_LOOP_ANALYSIS = YES;
				CLANG_WARN_STRICT_PROTOTYPES = YES;
				CLANG_WARN_SUSPICIOUS_MOVE = YES;
				CLANG_WARN_UNGUARDED_AVAILABILITY = YES_AGGRESSIVE;
				CLANG_WARN_UNREACHABLE_CODE = YES;
				CLANG_WARN__DUPLICATE_METHOD_MATCH = YES;
				CODE_SIGN_IDENTITY = "iPhone Developer";
				COPY_PHASE_STRIP = NO;
				DEBUG_INFORMATION_FORMAT = dwarf;
				DEVELOPMENT_TEAM = H6C2924QA5;
				ENABLE_STRICT_OBJC_MSGSEND = YES;
				ENABLE_TESTABILITY = YES;
				FRAMEWORK_SEARCH_PATHS = "$(SRCROOT)/**";
				GCC_C_LANGUAGE_STANDARD = gnu11;
				GCC_DYNAMIC_NO_PIC = NO;
				GCC_NO_COMMON_BLOCKS = YES;
				GCC_OPTIMIZATION_LEVEL = 0;
				GCC_PREPROCESSOR_DEFINITIONS = (
					"DEBUG=1",
					"$(inherited)",
				);
				GCC_WARN_64_TO_32_BIT_CONVERSION = YES;
				GCC_WARN_ABOUT_RETURN_TYPE = YES_ERROR;
				GCC_WARN_UNDECLARED_SELECTOR = YES;
				GCC_WARN_UNINITIALIZED_AUTOS = YES_AGGRESSIVE;
				GCC_WARN_UNUSED_FUNCTION = YES;
				GCC_WARN_UNUSED_VARIABLE = YES;
				IPHONEOS_DEPLOYMENT_TARGET = 11.1;
				MTL_ENABLE_DEBUG_INFO = YES;
				ONLY_ACTIVE_ARCH = YES;
				SDKROOT = iphoneos;
				SWIFT_ACTIVE_COMPILATION_CONDITIONS = DEBUG;
				SWIFT_OPTIMIZATION_LEVEL = "-Onone";
			};
			name = Debug;
		};
		87AFAE8B1FAD03BF00990BCE /* Release */ = {
			isa = XCBuildConfiguration;
			buildSettings = {
				ALWAYS_SEARCH_USER_PATHS = NO;
				CLANG_ANALYZER_NONNULL = YES;
				CLANG_ANALYZER_NUMBER_OBJECT_CONVERSION = YES_AGGRESSIVE;
				CLANG_CXX_LANGUAGE_STANDARD = "gnu++14";
				CLANG_CXX_LIBRARY = "libc++";
				CLANG_ENABLE_MODULES = YES;
				CLANG_ENABLE_OBJC_ARC = YES;
				CLANG_WARN_BLOCK_CAPTURE_AUTORELEASING = YES;
				CLANG_WARN_BOOL_CONVERSION = YES;
				CLANG_WARN_COMMA = YES;
				CLANG_WARN_CONSTANT_CONVERSION = YES;
				CLANG_WARN_DEPRECATED_OBJC_IMPLEMENTATIONS = YES;
				CLANG_WARN_DIRECT_OBJC_ISA_USAGE = YES_ERROR;
				CLANG_WARN_DOCUMENTATION_COMMENTS = YES;
				CLANG_WARN_EMPTY_BODY = YES;
				CLANG_WARN_ENUM_CONVERSION = YES;
				CLANG_WARN_INFINITE_RECURSION = YES;
				CLANG_WARN_INT_CONVERSION = YES;
				CLANG_WARN_NON_LITERAL_NULL_CONVERSION = YES;
				CLANG_WARN_OBJC_IMPLICIT_RETAIN_SELF = YES;
				CLANG_WARN_OBJC_LITERAL_CONVERSION = YES;
				CLANG_WARN_OBJC_ROOT_CLASS = YES_ERROR;
				CLANG_WARN_RANGE_LOOP_ANALYSIS = YES;
				CLANG_WARN_STRICT_PROTOTYPES = YES;
				CLANG_WARN_SUSPICIOUS_MOVE = YES;
				CLANG_WARN_UNGUARDED_AVAILABILITY = YES_AGGRESSIVE;
				CLANG_WARN_UNREACHABLE_CODE = YES;
				CLANG_WARN__DUPLICATE_METHOD_MATCH = YES;
				CODE_SIGN_IDENTITY = "iPhone Developer";
				COPY_PHASE_STRIP = NO;
				DEBUG_INFORMATION_FORMAT = "dwarf-with-dsym";
				DEVELOPMENT_TEAM = H6C2924QA5;
				ENABLE_NS_ASSERTIONS = NO;
				ENABLE_STRICT_OBJC_MSGSEND = YES;
				GCC_C_LANGUAGE_STANDARD = gnu11;
				GCC_NO_COMMON_BLOCKS = YES;
				GCC_WARN_64_TO_32_BIT_CONVERSION = YES;
				GCC_WARN_ABOUT_RETURN_TYPE = YES_ERROR;
				GCC_WARN_UNDECLARED_SELECTOR = YES;
				GCC_WARN_UNINITIALIZED_AUTOS = YES_AGGRESSIVE;
				GCC_WARN_UNUSED_FUNCTION = YES;
				GCC_WARN_UNUSED_VARIABLE = YES;
				IPHONEOS_DEPLOYMENT_TARGET = 11.1;
				MTL_ENABLE_DEBUG_INFO = NO;
				SDKROOT = iphoneos;
				SWIFT_OPTIMIZATION_LEVEL = "-Owholemodule";
				VALIDATE_PRODUCT = YES;
			};
			name = Release;
		};
		87AFAE8D1FAD03BF00990BCE /* Debug */ = {
			isa = XCBuildConfiguration;
			baseConfigurationReference = 9FE73569713CF92B15210467 /* Pods-Walkthrough.debug.xcconfig */;
			buildSettings = {
				ASSETCATALOG_COMPILER_APPICON_NAME = AppIcon;
				CLANG_ALLOW_NON_MODULAR_INCLUDES_IN_FRAMEWORK_MODULES = YES;
				CLANG_ENABLE_MODULES = YES;
				CODE_SIGN_ENTITLEMENTS = Walkthrough/Walkthrough.entitlements;
				CODE_SIGN_IDENTITY = "Apple Development";
				CODE_SIGN_STYLE = Automatic;
				DEVELOPMENT_TEAM = H6C2924QA5;
				FRAMEWORK_SEARCH_PATHS = (
					"$(inherited)",
					"\"${PODS_ROOT}/MappedIn\"",
					"$(PROJECT_DIR)/iOS",
					"$(PROJECT_DIR)",
					"$(PROJECT_DIR)/Walkthrough",
				);
				INFOPLIST_FILE = Walkthrough/Info.plist;
				IPHONEOS_DEPLOYMENT_TARGET = 11.0;
				LD_RUNPATH_SEARCH_PATHS = "$(inherited) @executable_path/Frameworks";
				PRODUCT_BUNDLE_IDENTIFIER = com.mappedin.venuenext;
				PRODUCT_NAME = "$(TARGET_NAME)";
				PROVISIONING_PROFILE_SPECIFIER = "";
				SWIFT_OBJC_BRIDGING_HEADER = "Walkthrough/Walkthrough-Bridging-Header.h";
				SWIFT_OPTIMIZATION_LEVEL = "-Onone";
				SWIFT_VERSION = 5.0;
				TARGETED_DEVICE_FAMILY = "1,2";
			};
			name = Debug;
		};
		87AFAE8E1FAD03BF00990BCE /* Release */ = {
			isa = XCBuildConfiguration;
			baseConfigurationReference = D3EAB7494C1B19D29EF30511 /* Pods-Walkthrough.release.xcconfig */;
			buildSettings = {
				ASSETCATALOG_COMPILER_APPICON_NAME = AppIcon;
				CLANG_ALLOW_NON_MODULAR_INCLUDES_IN_FRAMEWORK_MODULES = YES;
				CLANG_ENABLE_MODULES = YES;
				CODE_SIGN_ENTITLEMENTS = Walkthrough/Walkthrough.entitlements;
				CODE_SIGN_IDENTITY = "Apple Development";
				CODE_SIGN_STYLE = Automatic;
				DEVELOPMENT_TEAM = H6C2924QA5;
				FRAMEWORK_SEARCH_PATHS = (
					"$(inherited)",
					"\"${PODS_ROOT}/MappedIn\"",
					"$(PROJECT_DIR)/iOS",
					"$(PROJECT_DIR)",
					"$(PROJECT_DIR)/Walkthrough",
				);
				INFOPLIST_FILE = Walkthrough/Info.plist;
				IPHONEOS_DEPLOYMENT_TARGET = 11.0;
				LD_RUNPATH_SEARCH_PATHS = "$(inherited) @executable_path/Frameworks";
				PRODUCT_BUNDLE_IDENTIFIER = com.mappedin.venuenext;
				PRODUCT_NAME = "$(TARGET_NAME)";
				PROVISIONING_PROFILE_SPECIFIER = "";
				SWIFT_OBJC_BRIDGING_HEADER = "Walkthrough/Walkthrough-Bridging-Header.h";
				SWIFT_VERSION = 5.0;
				TARGETED_DEVICE_FAMILY = "1,2";
			};
			name = Release;
		};
/* End XCBuildConfiguration section */

/* Begin XCConfigurationList section */
		87AFAE751FAD03BF00990BCE /* Build configuration list for PBXProject "Walkthrough" */ = {
			isa = XCConfigurationList;
			buildConfigurations = (
				87AFAE8A1FAD03BF00990BCE /* Debug */,
				87AFAE8B1FAD03BF00990BCE /* Release */,
			);
			defaultConfigurationIsVisible = 0;
			defaultConfigurationName = Release;
		};
		87AFAE8C1FAD03BF00990BCE /* Build configuration list for PBXNativeTarget "Walkthrough" */ = {
			isa = XCConfigurationList;
			buildConfigurations = (
				87AFAE8D1FAD03BF00990BCE /* Debug */,
				87AFAE8E1FAD03BF00990BCE /* Release */,
			);
			defaultConfigurationIsVisible = 0;
			defaultConfigurationName = Release;
		};
/* End XCConfigurationList section */
	};
	rootObject = 87AFAE721FAD03BF00990BCE /* Project object */;
}
